
Microsoft Visual Studio Solution File, Format Version 12.00
# Visual Studio Version 17
VisualStudioVersion = 17.7.34031.279
MinimumVisualStudioVersion = 10.0.40219.1
Project("{FAE04EC0-301F-11D3-BF4B-00C04F79EFBC}") = "Gestão de uma biblioteca", "Gestão de uma biblioteca\Gestão de uma biblioteca.csproj", "{18729F9B-D52F-4227-A459-E9E7748D513C}"
EndProject
Global
	GlobalSection(SolutionConfigurationPlatforms) = preSolution
		Debug|Any CPU = Debug|Any CPU
		Release|Any CPU = Release|Any CPU
	EndGlobalSection
	GlobalSection(ProjectConfigurationPlatforms) = postSolution
		{18729F9B-D52F-4227-A459-E9E7748D513C}.Debug|Any CPU.ActiveCfg = Debug|Any CPU
		{18729F9B-D52F-4227-A459-E9E7748D513C}.Debug|Any CPU.Build.0 = Debug|Any CPU
		{18729F9B-D52F-4227-A459-E9E7748D513C}.Release|Any CPU.ActiveCfg = Release|Any CPU
		{18729F9B-D52F-4227-A459-E9E7748D513C}.Release|Any CPU.Build.0 = Release|Any CPU
	EndGlobalSection
	GlobalSection(SolutionProperties) = preSolution
		HideSolutionNode = FALSE
	EndGlobalSection
	GlobalSection(ExtensibilityGlobals) = postSolution
		SolutionGuid = {B2940D6B-1371-4961-AB84-7C0A3CBBFAF4}
	EndGlobalSection
EndGlobal
